
Microsoft Visual Studio Solution File, Format Version 12.00
# Visual Studio 15
VisualStudioVersion = 15.0.27130.2024
MinimumVisualStudioVersion = 10.0.40219.1
Project("{FAE04EC0-301F-11D3-BF4B-00C04F79EFBC}") = "ASPLesson1HW", "ASPLesson1HW\ASPLesson1HW.csproj", "{629CB7DB-23CD-4A81-A719-172FF59D5038}"
EndProject
Global
	GlobalSection(SolutionConfigurationPlatforms) = preSolution
		Debug|Any CPU = Debug|Any CPU
		Release|Any CPU = Release|Any CPU
	EndGlobalSection
	GlobalSection(ProjectConfigurationPlatforms) = postSolution
		{629CB7DB-23CD-4A81-A719-172FF59D5038}.Debug|Any CPU.ActiveCfg = Debug|Any CPU
		{629CB7DB-23CD-4A81-A719-172FF59D5038}.Debug|Any CPU.Build.0 = Debug|Any CPU
		{629CB7DB-23CD-4A81-A719-172FF59D5038}.Release|Any CPU.ActiveCfg = Release|Any CPU
		{629CB7DB-23CD-4A81-A719-172FF59D5038}.Release|Any CPU.Build.0 = Release|Any CPU
	EndGlobalSection
	GlobalSection(SolutionProperties) = preSolution
		HideSolutionNode = FALSE
	EndGlobalSection
	GlobalSection(ExtensibilityGlobals) = postSolution
		SolutionGuid = {13937DA0-2E22-4B8D-B48F-D70A108A7A2F}
	EndGlobalSection
EndGlobal
